
Microsoft Visual Studio Solution File, Format Version 12.00
# Visual Studio Version 17
VisualStudioVersion = 17.8.34330.188
MinimumVisualStudioVersion = 10.0.40219.1
Project("{9A19103F-16F7-4668-BE54-9A1E7A4F7556}") = "Arrays", "Arrays\Arrays.csproj", "{E266C6C5-BB33-4BCB-8012-5C933812B4CE}"
EndProject
Project("{9A19103F-16F7-4668-BE54-9A1E7A4F7556}") = "String", "String\String.csproj", "{551D3830-F2D4-4283-AF74-D421203EB707}"
EndProject
Project("{9A19103F-16F7-4668-BE54-9A1E7A4F7556}") = "Class", "Class\Class.csproj", "{C45DFA7E-CF3C-4DB5-9211-2F10A4528D1B}"
EndProject
Project("{9A19103F-16F7-4668-BE54-9A1E7A4F7556}") = "Operators", "Operators\Operators.csproj", "{1E79C6AA-9757-4B3A-97FA-B0830461EBF6}"
EndProject
Project("{9A19103F-16F7-4668-BE54-9A1E7A4F7556}") = "Interface", "Interface\Interface.csproj", "{C21AD261-F9A7-43C7-8D7A-BE2708CAD303}"
EndProject
Project("{9A19103F-16F7-4668-BE54-9A1E7A4F7556}") = "ParameterModifier", "ParameterModifier\ParameterModifier.csproj", "{2A682B7A-CA9E-4AD8-98D9-5D8BD86722F7}"
EndProject
Project("{9A19103F-16F7-4668-BE54-9A1E7A4F7556}") = "Tuple", "Tuple\Tuple.csproj", "{05429B55-B530-4F69-B6FE-28EF54BFE4E1}"
EndProject
Project("{9A19103F-16F7-4668-BE54-9A1E7A4F7556}") = "AnonymousObject", "AnonymousObject\AnonymousObject.csproj", "{52AACFB5-EE48-45FE-B1F7-1091927817CB}"
EndProject
Project("{9A19103F-16F7-4668-BE54-9A1E7A4F7556}") = "NullType", "NullValue\NullType.csproj", "{A64B75D8-1047-4312-A196-69F1D8195ED4}"
EndProject
Project("{9A19103F-16F7-4668-BE54-9A1E7A4F7556}") = "ExplicitInterface", "ExplicitInterface\ExplicitInterface.csproj", "{CCECF1A3-6D0C-4944-8182-3ED8359ACBD2}"
EndProject
Project("{9A19103F-16F7-4668-BE54-9A1E7A4F7556}") = "Generics", "Generics\Generics.csproj", "{0CE73156-6EBA-4522-BEE2-546F8FC2BF3C}"
EndProject
Project("{9A19103F-16F7-4668-BE54-9A1E7A4F7556}") = "Collections", "Collections\Collections.csproj", "{FBD1A8A2-924D-42AE-AF94-2EFF534D8436}"
EndProject
Project("{9A19103F-16F7-4668-BE54-9A1E7A4F7556}") = "Enum", "Enum\Enum.csproj", "{7CE4EF43-4968-4FCD-9B35-6B77400D5C07}"
EndProject
Project("{9A19103F-16F7-4668-BE54-9A1E7A4F7556}") = "AdoDotNet", "AdoDotNet\AdoDotNet.csproj", "{D9D93CDF-2284-4DB7-B282-FE071427C607}"
EndProject
Project("{9A19103F-16F7-4668-BE54-9A1E7A4F7556}") = "DateTimeAndTimeSpan", "DateTimeAndTimeSpan\DateTimeAndTimeSpan.csproj", "{231F8F7F-297B-49B3-B4FA-F20F1E451FF0}"
EndProject
Project("{9A19103F-16F7-4668-BE54-9A1E7A4F7556}") = "EntityFramework", "EntityFramework\EntityFramework.csproj", "{796FDEA5-1343-4FD9-9F77-DAD7939F124B}"
EndProject
Project("{9A19103F-16F7-4668-BE54-9A1E7A4F7556}") = "TestProject", "TestProject\TestProject.csproj", "{CF18DD45-94A6-4047-9B73-E223C23FC04D}"
EndProject
Project("{FAE04EC0-301F-11D3-BF4B-00C04F79EFBC}") = "FileAndStream", "FileAndStream\FileAndStream.csproj", "{5B371754-27F1-47D0-97A2-F974217527CC}"
EndProject
Global
	GlobalSection(SolutionConfigurationPlatforms) = preSolution
		Debug|Any CPU = Debug|Any CPU
		Release|Any CPU = Release|Any CPU
	EndGlobalSection
	GlobalSection(ProjectConfigurationPlatforms) = postSolution
		{E266C6C5-BB33-4BCB-8012-5C933812B4CE}.Debug|Any CPU.ActiveCfg = Debug|Any CPU
		{E266C6C5-BB33-4BCB-8012-5C933812B4CE}.Debug|Any CPU.Build.0 = Debug|Any CPU
		{E266C6C5-BB33-4BCB-8012-5C933812B4CE}.Release|Any CPU.ActiveCfg = Release|Any CPU
		{E266C6C5-BB33-4BCB-8012-5C933812B4CE}.Release|Any CPU.Build.0 = Release|Any CPU
		{551D3830-F2D4-4283-AF74-D421203EB707}.Debug|Any CPU.ActiveCfg = Debug|Any CPU
		{551D3830-F2D4-4283-AF74-D421203EB707}.Debug|Any CPU.Build.0 = Debug|Any CPU
		{551D3830-F2D4-4283-AF74-D421203EB707}.Release|Any CPU.ActiveCfg = Release|Any CPU
		{551D3830-F2D4-4283-AF74-D421203EB707}.Release|Any CPU.Build.0 = Release|Any CPU
		{C45DFA7E-CF3C-4DB5-9211-2F10A4528D1B}.Debug|Any CPU.ActiveCfg = Debug|Any CPU
		{C45DFA7E-CF3C-4DB5-9211-2F10A4528D1B}.Debug|Any CPU.Build.0 = Debug|Any CPU
		{C45DFA7E-CF3C-4DB5-9211-2F10A4528D1B}.Release|Any CPU.ActiveCfg = Release|Any CPU
		{C45DFA7E-CF3C-4DB5-9211-2F10A4528D1B}.Release|Any CPU.Build.0 = Release|Any CPU
		{1E79C6AA-9757-4B3A-97FA-B0830461EBF6}.Debug|Any CPU.ActiveCfg = Debug|Any CPU
		{1E79C6AA-9757-4B3A-97FA-B0830461EBF6}.Debug|Any CPU.Build.0 = Debug|Any CPU
		{1E79C6AA-9757-4B3A-97FA-B0830461EBF6}.Release|Any CPU.ActiveCfg = Release|Any CPU
		{1E79C6AA-9757-4B3A-97FA-B0830461EBF6}.Release|Any CPU.Build.0 = Release|Any CPU
		{C21AD261-F9A7-43C7-8D7A-BE2708CAD303}.Debug|Any CPU.ActiveCfg = Debug|Any CPU
		{C21AD261-F9A7-43C7-8D7A-BE2708CAD303}.Debug|Any CPU.Build.0 = Debug|Any CPU
		{C21AD261-F9A7-43C7-8D7A-BE2708CAD303}.Release|Any CPU.ActiveCfg = Release|Any CPU
		{C21AD261-F9A7-43C7-8D7A-BE2708CAD303}.Release|Any CPU.Build.0 = Release|Any CPU
		{2A682B7A-CA9E-4AD8-98D9-5D8BD86722F7}.Debug|Any CPU.ActiveCfg = Debug|Any CPU
		{2A682B7A-CA9E-4AD8-98D9-5D8BD86722F7}.Debug|Any CPU.Build.0 = Debug|Any CPU
		{2A682B7A-CA9E-4AD8-98D9-5D8BD86722F7}.Release|Any CPU.ActiveCfg = Release|Any CPU
		{2A682B7A-CA9E-4AD8-98D9-5D8BD86722F7}.Release|Any CPU.Build.0 = Release|Any CPU
		{05429B55-B530-4F69-B6FE-28EF54BFE4E1}.Debug|Any CPU.ActiveCfg = Debug|Any CPU
		{05429B55-B530-4F69-B6FE-28EF54BFE4E1}.Debug|Any CPU.Build.0 = Debug|Any CPU
		{05429B55-B530-4F69-B6FE-28EF54BFE4E1}.Release|Any CPU.ActiveCfg = Release|Any CPU
		{05429B55-B530-4F69-B6FE-28EF54BFE4E1}.Release|Any CPU.Build.0 = Release|Any CPU
		{52AACFB5-EE48-45FE-B1F7-1091927817CB}.Debug|Any CPU.ActiveCfg = Debug|Any CPU
		{52AACFB5-EE48-45FE-B1F7-1091927817CB}.Debug|Any CPU.Build.0 = Debug|Any CPU
		{52AACFB5-EE48-45FE-B1F7-1091927817CB}.Release|Any CPU.ActiveCfg = Release|Any CPU
		{52AACFB5-EE48-45FE-B1F7-1091927817CB}.Release|Any CPU.Build.0 = Release|Any CPU
		{A64B75D8-1047-4312-A196-69F1D8195ED4}.Debug|Any CPU.ActiveCfg = Debug|Any CPU
		{A64B75D8-1047-4312-A196-69F1D8195ED4}.Debug|Any CPU.Build.0 = Debug|Any CPU
		{A64B75D8-1047-4312-A196-69F1D8195ED4}.Release|Any CPU.ActiveCfg = Release|Any CPU
		{A64B75D8-1047-4312-A196-69F1D8195ED4}.Release|Any CPU.Build.0 = Release|Any CPU
		{CCECF1A3-6D0C-4944-8182-3ED8359ACBD2}.Debug|Any CPU.ActiveCfg = Debug|Any CPU
		{CCECF1A3-6D0C-4944-8182-3ED8359ACBD2}.Debug|Any CPU.Build.0 = Debug|Any CPU
		{CCECF1A3-6D0C-4944-8182-3ED8359ACBD2}.Release|Any CPU.ActiveCfg = Release|Any CPU
		{CCECF1A3-6D0C-4944-8182-3ED8359ACBD2}.Release|Any CPU.Build.0 = Release|Any CPU
		{0CE73156-6EBA-4522-BEE2-546F8FC2BF3C}.Debug|Any CPU.ActiveCfg = Debug|Any CPU
		{0CE73156-6EBA-4522-BEE2-546F8FC2BF3C}.Debug|Any CPU.Build.0 = Debug|Any CPU
		{0CE73156-6EBA-4522-BEE2-546F8FC2BF3C}.Release|Any CPU.ActiveCfg = Release|Any CPU
		{0CE73156-6EBA-4522-BEE2-546F8FC2BF3C}.Release|Any CPU.Build.0 = Release|Any CPU
		{FBD1A8A2-924D-42AE-AF94-2EFF534D8436}.Debug|Any CPU.ActiveCfg = Debug|Any CPU
		{FBD1A8A2-924D-42AE-AF94-2EFF534D8436}.Debug|Any CPU.Build.0 = Debug|Any CPU
		{FBD1A8A2-924D-42AE-AF94-2EFF534D8436}.Release|Any CPU.ActiveCfg = Release|Any CPU
		{FBD1A8A2-924D-42AE-AF94-2EFF534D8436}.Release|Any CPU.Build.0 = Release|Any CPU
		{7CE4EF43-4968-4FCD-9B35-6B77400D5C07}.Debug|Any CPU.ActiveCfg = Debug|Any CPU
		{7CE4EF43-4968-4FCD-9B35-6B77400D5C07}.Debug|Any CPU.Build.0 = Debug|Any CPU
		{7CE4EF43-4968-4FCD-9B35-6B77400D5C07}.Release|Any CPU.ActiveCfg = Release|Any CPU
		{7CE4EF43-4968-4FCD-9B35-6B77400D5C07}.Release|Any CPU.Build.0 = Release|Any CPU
		{D9D93CDF-2284-4DB7-B282-FE071427C607}.Debug|Any CPU.ActiveCfg = Debug|Any CPU
		{D9D93CDF-2284-4DB7-B282-FE071427C607}.Debug|Any CPU.Build.0 = Debug|Any CPU
		{D9D93CDF-2284-4DB7-B282-FE071427C607}.Release|Any CPU.ActiveCfg = Release|Any CPU
		{D9D93CDF-2284-4DB7-B282-FE071427C607}.Release|Any CPU.Build.0 = Release|Any CPU
		{231F8F7F-297B-49B3-B4FA-F20F1E451FF0}.Debug|Any CPU.ActiveCfg = Debug|Any CPU
		{231F8F7F-297B-49B3-B4FA-F20F1E451FF0}.Debug|Any CPU.Build.0 = Debug|Any CPU
		{231F8F7F-297B-49B3-B4FA-F20F1E451FF0}.Release|Any CPU.ActiveCfg = Release|Any CPU
		{231F8F7F-297B-49B3-B4FA-F20F1E451FF0}.Release|Any CPU.Build.0 = Release|Any CPU
		{796FDEA5-1343-4FD9-9F77-DAD7939F124B}.Debug|Any CPU.ActiveCfg = Debug|Any CPU
		{796FDEA5-1343-4FD9-9F77-DAD7939F124B}.Debug|Any CPU.Build.0 = Debug|Any CPU
		{796FDEA5-1343-4FD9-9F77-DAD7939F124B}.Release|Any CPU.ActiveCfg = Release|Any CPU
		{796FDEA5-1343-4FD9-9F77-DAD7939F124B}.Release|Any CPU.Build.0 = Release|Any CPU
		{CF18DD45-94A6-4047-9B73-E223C23FC04D}.Debug|Any CPU.ActiveCfg = Debug|Any CPU
		{CF18DD45-94A6-4047-9B73-E223C23FC04D}.Debug|Any CPU.Build.0 = Debug|Any CPU
		{CF18DD45-94A6-4047-9B73-E223C23FC04D}.Release|Any CPU.ActiveCfg = Release|Any CPU
		{CF18DD45-94A6-4047-9B73-E223C23FC04D}.Release|Any CPU.Build.0 = Release|Any CPU
		{5B371754-27F1-47D0-97A2-F974217527CC}.Debug|Any CPU.ActiveCfg = Debug|Any CPU
		{5B371754-27F1-47D0-97A2-F974217527CC}.Debug|Any CPU.Build.0 = Debug|Any CPU
		{5B371754-27F1-47D0-97A2-F974217527CC}.Release|Any CPU.ActiveCfg = Release|Any CPU
		{5B371754-27F1-47D0-97A2-F974217527CC}.Release|Any CPU.Build.0 = Release|Any CPU
	EndGlobalSection
	GlobalSection(SolutionProperties) = preSolution
		HideSolutionNode = FALSE
	EndGlobalSection
	GlobalSection(ExtensibilityGlobals) = postSolution
		SolutionGuid = {C8E2591D-046E-4522-B307-5BF6165C2F33}
	EndGlobalSection
EndGlobal
